
Microsoft Visual Studio Solution File, Format Version 11.00
# Visual Studio 2010
Project("{FAE04EC0-301F-11D3-BF4B-00C04F79EFBC}") = "COLOBOT", "Assembly-CSharp.csproj", "{D863CFFD-922F-C067-A699-25B332516DE0}"
EndProject
Project("{FAE04EC0-301F-11D3-BF4B-00C04F79EFBC}") = "COLOBOT", "Assembly-CSharp-firstpass.csproj", "{444FBE53-C6BC-6A40-7DE5-50A55294356F}"
EndProject
Project("{FAE04EC0-301F-11D3-BF4B-00C04F79EFBC}") = "COLOBOT", "Assembly-CSharp-Editor-firstpass.csproj", "{5D1EC924-D687-A09C-CE88-AD8DA7BF3930}"
EndProject
Global
	GlobalSection(SolutionConfigurationPlatforms) = preSolution
		Debug|Any CPU = Debug|Any CPU
		Release|Any CPU = Release|Any CPU
	EndGlobalSection
	GlobalSection(ProjectConfigurationPlatforms) = postSolution
		{D863CFFD-922F-C067-A699-25B332516DE0}.Debug|Any CPU.ActiveCfg = Debug|Any CPU
		{D863CFFD-922F-C067-A699-25B332516DE0}.Debug|Any CPU.Build.0 = Debug|Any CPU
		{D863CFFD-922F-C067-A699-25B332516DE0}.Release|Any CPU.ActiveCfg = Release|Any CPU
		{D863CFFD-922F-C067-A699-25B332516DE0}.Release|Any CPU.Build.0 = Release|Any CPU
		{444FBE53-C6BC-6A40-7DE5-50A55294356F}.Debug|Any CPU.ActiveCfg = Debug|Any CPU
		{444FBE53-C6BC-6A40-7DE5-50A55294356F}.Debug|Any CPU.Build.0 = Debug|Any CPU
		{444FBE53-C6BC-6A40-7DE5-50A55294356F}.Release|Any CPU.ActiveCfg = Release|Any CPU
		{444FBE53-C6BC-6A40-7DE5-50A55294356F}.Release|Any CPU.Build.0 = Release|Any CPU
		{5D1EC924-D687-A09C-CE88-AD8DA7BF3930}.Debug|Any CPU.ActiveCfg = Debug|Any CPU
		{5D1EC924-D687-A09C-CE88-AD8DA7BF3930}.Debug|Any CPU.Build.0 = Debug|Any CPU
		{5D1EC924-D687-A09C-CE88-AD8DA7BF3930}.Release|Any CPU.ActiveCfg = Release|Any CPU
		{5D1EC924-D687-A09C-CE88-AD8DA7BF3930}.Release|Any CPU.Build.0 = Release|Any CPU
	EndGlobalSection
	GlobalSection(SolutionProperties) = preSolution
		HideSolutionNode = FALSE
	EndGlobalSection
	GlobalSection(MonoDevelopProperties) = preSolution
		StartupItem = Assembly-CSharp.csproj
	EndGlobalSection
EndGlobal
